// !$*UTF8*$!
{
	archiveVersion = 1;
	classes = {
	};
	objectVersion = 46;
	objects = {

/* Begin PBXBuildFile section */
		241243581AEBB66D00352C95 /* main.m in Sources */ = {isa = PBXBuildFile; fileRef = 241243571AEBB66D00352C95 /* main.m */; };
		241243671AEBB68A00352C95 /* HTTPResponseHandler.m in Sources */ = {isa = PBXBuildFile; fileRef = 241243601AEBB68A00352C95 /* HTTPResponseHandler.m */; };
		241243681AEBB68A00352C95 /* HTTPServer.m in Sources */ = {isa = PBXBuildFile; fileRef = 241243621AEBB68A00352C95 /* HTTPServer.m */; };
		241243691AEBB68A00352C95 /* MDServiceResponse.mm in Sources */ = {isa = PBXBuildFile; fileRef = 241243641AEBB68A00352C95 /* MDServiceResponse.mm */; };
/* End PBXBuildFile section */

/* Begin PBXCopyFilesBuildPhase section */
		241243521AEBB66D00352C95 /* CopyFiles */ = {
			isa = PBXCopyFilesBuildPhase;
			buildActionMask = 2147483647;
			dstPath = /usr/share/man/man1/;
			dstSubfolderSpec = 0;
			files = (
			);
			runOnlyForDeploymentPostprocessing = 1;
		};
/* End PBXCopyFilesBuildPhase section */

/* Begin PBXFileReference section */
		241243541AEBB66D00352C95 /* HttpServer */ = {isa = PBXFileReference; explicitFileType = "compiled.mach-o.executable"; includeInIndex = 0; path = HttpServer; sourceTree = BUILT_PRODUCTS_DIR; };
		241243571AEBB66D00352C95 /* main.m */ = {isa = PBXFileReference; lastKnownFileType = sourcecode.c.objc; path = main.m; sourceTree = "<group>"; };
		2412435F1AEBB68A00352C95 /* HTTPResponseHandler.h */ = {isa = PBXFileReference; fileEncoding = 4; lastKnownFileType = sourcecode.c.h; path = HTTPResponseHandler.h; sourceTree = "<group>"; };
		241243601AEBB68A00352C95 /* HTTPResponseHandler.m */ = {isa = PBXFileReference; fileEncoding = 4; lastKnownFileType = sourcecode.c.objc; path = HTTPResponseHandler.m; sourceTree = "<group>"; };
		241243611AEBB68A00352C95 /* HTTPServer.h */ = {isa = PBXFileReference; fileEncoding = 4; lastKnownFileType = sourcecode.c.h; path = HTTPServer.h; sourceTree = "<group>"; };
		241243621AEBB68A00352C95 /* HTTPServer.m */ = {isa = PBXFileReference; fileEncoding = 4; lastKnownFileType = sourcecode.c.objc; path = HTTPServer.m; sourceTree = "<group>"; };
		241243631AEBB68A00352C95 /* MDServiceResponse.h */ = {isa = PBXFileReference; fileEncoding = 4; lastKnownFileType = sourcecode.c.h; path = MDServiceResponse.h; sourceTree = "<group>"; };
		241243641AEBB68A00352C95 /* MDServiceResponse.mm */ = {isa = PBXFileReference; fileEncoding = 4; lastKnownFileType = sourcecode.cpp.objcpp; path = MDServiceResponse.mm; sourceTree = "<group>"; };
		241243661AEBB68A00352C95 /* SynthesizeSingleton.h */ = {isa = PBXFileReference; fileEncoding = 4; lastKnownFileType = sourcecode.c.h; path = SynthesizeSingleton.h; sourceTree = "<group>"; };
/* End PBXFileReference section */

/* Begin PBXFrameworksBuildPhase section */
		241243511AEBB66D00352C95 /* Frameworks */ = {
			isa = PBXFrameworksBuildPhase;
			buildActionMask = 2147483647;
			files = (
			);
			runOnlyForDeploymentPostprocessing = 0;
		};
/* End PBXFrameworksBuildPhase section */

/* Begin PBXGroup section */
		2412434B1AEBB66D00352C95 = {
			isa = PBXGroup;
			children = (
				241243561AEBB66D00352C95 /* HttpServer */,
				241243551AEBB66D00352C95 /* Products */,
			);
			sourceTree = "<group>";
		};
		241243551AEBB66D00352C95 /* Products */ = {
			isa = PBXGroup;
			children = (
				241243541AEBB66D00352C95 /* HttpServer */,
			);
			name = Products;
			sourceTree = "<group>";
		};
		241243561AEBB66D00352C95 /* HttpServer */ = {
			isa = PBXGroup;
			children = (
				2412435F1AEBB68A00352C95 /* HTTPResponseHandler.h */,
				241243601AEBB68A00352C95 /* HTTPResponseHandler.m */,
				241243611AEBB68A00352C95 /* HTTPServer.h */,
				241243621AEBB68A00352C95 /* HTTPServer.m */,
				241243631AEBB68A00352C95 /* MDServiceResponse.h */,
				241243641AEBB68A00352C95 /* MDServiceResponse.mm */,
				241243661AEBB68A00352C95 /* SynthesizeSingleton.h */,
				241243571AEBB66D00352C95 /* main.m */,
			);
			path = HttpServer;
			sourceTree = "<group>";
		};
/* End PBXGroup section */

/* Begin PBXNativeTarget section */
		241243531AEBB66D00352C95 /* HttpServer */ = {
			isa = PBXNativeTarget;
			buildConfigurationList = 2412435B1AEBB66D00352C95 /* Build configuration list for PBXNativeTarget "HttpServer" */;
			buildPhases = (
				241243501AEBB66D00352C95 /* Sources */,
				241243511AEBB66D00352C95 /* Frameworks */,
				241243521AEBB66D00352C95 /* CopyFiles */,
			);
			buildRules = (
			);
			dependencies = (
			);
			name = HttpServer;
			productName = HttpServer;
			productReference = 241243541AEBB66D00352C95 /* HttpServer */;
			productType = "com.apple.product-type.tool";
		};
/* End PBXNativeTarget section */

/* Begin PBXProject section */
		2412434C1AEBB66D00352C95 /* Project object */ = {
			isa = PBXProject;
			attributes = {
				LastUpgradeCheck = 0630;
				ORGANIZATIONNAME = Yonsm.NET;
				TargetAttributes = {
					241243531AEBB66D00352C95 = {
						CreatedOnToolsVersion = 6.3;
					};
				};
			};
			buildConfigurationList = 2412434F1AEBB66D00352C95 /* Build configuration list for PBXProject "HttpServer" */;
			compatibilityVersion = "Xcode 3.2";
			developmentRegion = English;
			hasScannedForEncodings = 0;
			knownRegions = (
				en,
			);
			mainGroup = 2412434B1AEBB66D00352C95;
			productRefGroup = 241243551AEBB66D00352C95 /* Products */;
			projectDirPath = "";
			projectRoot = "";
			targets = (
				241243531AEBB66D00352C95 /* HttpServer */,
			);
		};
/* End PBXProject section */

/* Begin PBXSourcesBuildPhase section */
		241243501AEBB66D00352C95 /* Sources */ = {
			isa = PBXSourcesBuildPhase;
			buildActionMask = 2147483647;
			files = (
				241243681AEBB68A00352C95 /* HTTPServer.m in Sources */,
				241243691AEBB68A00352C95 /* MDServiceResponse.mm in Sources */,
				241243581AEBB66D00352C95 /* main.m in Sources */,
				241243671AEBB68A00352C95 /* HTTPResponseHandler.m in Sources */,
			);
			runOnlyForDeploymentPostprocessing = 0;
		};
/* End PBXSourcesBuildPhase section */

/* Begin XCBuildConfiguration section */
		241243591AEBB66D00352C95 /* Debug */ = {
			isa = XCBuildConfiguration;
			buildSettings = {
				ALWAYS_SEARCH_USER_PATHS = NO;
				CLANG_CXX_LANGUAGE_STANDARD = "gnu++0x";
				CLANG_CXX_LIBRARY = "libc++";
				CLANG_ENABLE_MODULES = YES;
				CLANG_ENABLE_OBJC_ARC = NO;
				CLANG_WARN_BOOL_CONVERSION = YES;
				CLANG_WARN_CONSTANT_CONVERSION = YES;
				CLANG_WARN_DIRECT_OBJC_ISA_USAGE = YES_ERROR;
				CLANG_WARN_EMPTY_BODY = YES;
				CLANG_WARN_ENUM_CONVERSION = YES;
				CLANG_WARN_INT_CONVERSION = YES;
				CLANG_WARN_OBJC_ROOT_CLASS = YES_ERROR;
				CLANG_WARN_UNREACHABLE_CODE = YES;
				CLANG_WARN__DUPLICATE_METHOD_MATCH = YES;
				COPY_PHASE_STRIP = NO;
				DEBUG_INFORMATION_FORMAT = dwarf;
				ENABLE_STRICT_OBJC_MSGSEND = YES;
				GCC_C_LANGUAGE_STANDARD = gnu99;
				GCC_DYNAMIC_NO_PIC = NO;
				GCC_NO_COMMON_BLOCKS = YES;
				GCC_OPTIMIZATION_LEVEL = 0;
				GCC_PREPROCESSOR_DEFINITIONS = (
					"DEBUG=1",
					"$(inherited)",
				);
				GCC_SYMBOLS_PRIVATE_EXTERN = NO;
				GCC_WARN_64_TO_32_BIT_CONVERSION = YES;
				GCC_WARN_ABOUT_RETURN_TYPE = YES_ERROR;
				GCC_WARN_UNDECLARED_SELECTOR = YES;
				GCC_WARN_UNINITIALIZED_AUTOS = YES_AGGRESSIVE;
				GCC_WARN_UNUSED_FUNCTION = YES;
				GCC_WARN_UNUSED_VARIABLE = YES;
				MACOSX_DEPLOYMENT_TARGET = 10.10;
				MTL_ENABLE_DEBUG_INFO = YES;
				ONLY_ACTIVE_ARCH = YES;
				SDKROOT = macosx;
			};
			name = Debug;
		};
		2412435A1AEBB66D00352C95 /* Release */ = {
			isa = XCBuildConfiguration;
			buildSettings = {
				ALWAYS_SEARCH_USER_PATHS = NO;
				CLANG_CXX_LANGUAGE_STANDARD = "gnu++0x";
				CLANG_CXX_LIBRARY = "libc++";
				CLANG_ENABLE_MODULES = YES;
				CLANG_ENABLE_OBJC_ARC = NO;
				CLANG_WARN_BOOL_CONVERSION = YES;
				CLANG_WARN_CONSTANT_CONVERSION = YES;
				CLANG_WARN_DIRECT_OBJC_ISA_USAGE = YES_ERROR;
				CLANG_WARN_EMPTY_BODY = YES;
				CLANG_WARN_ENUM_CONVERSION = YES;
				CLANG_WARN_INT_CONVERSION = YES;
				CLANG_WARN_OBJC_ROOT_CLASS = YES_ERROR;
				CLANG_WARN_UNREACHABLE_CODE = YES;
				CLANG_WARN__DUPLICATE_METHOD_MATCH = YES;
				COPY_PHASE_STRIP = NO;
				DEBUG_INFORMATION_FORMAT = "dwarf-with-dsym";
				ENABLE_NS_ASSERTIONS = NO;
				ENABLE_STRICT_OBJC_MSGSEND = YES;
				GCC_C_LANGUAGE_STANDARD = gnu99;
				GCC_NO_COMMON_BLOCKS = YES;
				GCC_WARN_64_TO_32_BIT_CONVERSION = YES;
				GCC_WARN_ABOUT_RETURN_TYPE = YES_ERROR;
				GCC_WARN_UNDECLARED_SELECTOR = YES;
				GCC_WARN_UNINITIALIZED_AUTOS = YES_AGGRESSIVE;
				GCC_WARN_UNUSED_FUNCTION = YES;
				GCC_WARN_UNUSED_VARIABLE = YES;
				MACOSX_DEPLOYMENT_TARGET = 10.10;
				MTL_ENABLE_DEBUG_INFO = NO;
				SDKROOT = macosx;
			};
			name = Release;
		};
		2412435C1AEBB66D00352C95 /* Debug */ = {
			isa = XCBuildConfiguration;
			buildSettings = {
				PRODUCT_NAME = "$(TARGET_NAME)";
			};
			name = Debug;
		};
		2412435D1AEBB66D00352C95 /* Release */ = {
			isa = XCBuildConfiguration;
			buildSettings = {
				PRODUCT_NAME = "$(TARGET_NAME)";
			};
			name = Release;
		};
/* End XCBuildConfiguration section */

/* Begin XCConfigurationList section */
		2412434F1AEBB66D00352C95 /* Build configuration list for PBXProject "HttpServer" */ = {
			isa = XCConfigurationList;
			buildConfigurations = (
				241243591AEBB66D00352C95 /* Debug */,
				2412435A1AEBB66D00352C95 /* Release */,
			);
			defaultConfigurationIsVisible = 0;
			defaultConfigurationName = Release;
		};
		2412435B1AEBB66D00352C95 /* Build configuration list for PBXNativeTarget "HttpServer" */ = {
			isa = XCConfigurationList;
			buildConfigurations = (
				2412435C1AEBB66D00352C95 /* Debug */,
				2412435D1AEBB66D00352C95 /* Release */,
			);
			defaultConfigurationIsVisible = 0;
		};
/* End XCConfigurationList section */
	};
	rootObject = 2412434C1AEBB66D00352C95 /* Project object */;
}
