// !$*UTF8*$!
{
	archiveVersion = 1;
	classes = {
	};
	objectVersion = 46;
	objects = {

/* Begin PBXBuildFile section */
		240278341A886B5D00897D2F /* main.m in Sources */ = {isa = PBXBuildFile; fileRef = 240278331A886B5D00897D2F /* main.m */; };
		240278371A886B5D00897D2F /* AppDelegate.m in Sources */ = {isa = PBXBuildFile; fileRef = 240278361A886B5D00897D2F /* AppDelegate.m */; };
		2402783A1A886B5D00897D2F /* ViewController.m in Sources */ = {isa = PBXBuildFile; fileRef = 240278391A886B5D00897D2F /* ViewController.m */; };
		2402783D1A886B5D00897D2F /* Main.storyboard in Resources */ = {isa = PBXBuildFile; fileRef = 2402783B1A886B5D00897D2F /* Main.storyboard */; };
		2402783F1A886B5D00897D2F /* Images.xcassets in Resources */ = {isa = PBXBuildFile; fileRef = 2402783E1A886B5D00897D2F /* Images.xcassets */; };
		240278421A886B5D00897D2F /* LaunchScreen.xib in Resources */ = {isa = PBXBuildFile; fileRef = 240278401A886B5D00897D2F /* LaunchScreen.xib */; };
		2402784E1A886B5D00897D2F /* FIMPTestTests.m in Sources */ = {isa = PBXBuildFile; fileRef = 2402784D1A886B5D00897D2F /* FIMPTestTests.m */; };
		240278581A886C2500897D2F /* AppleAccount.framework in Frameworks */ = {isa = PBXBuildFile; fileRef = 240278571A886C2500897D2F /* AppleAccount.framework */; };
/* End PBXBuildFile section */

/* Begin PBXContainerItemProxy section */
		240278481A886B5D00897D2F /* PBXContainerItemProxy */ = {
			isa = PBXContainerItemProxy;
			containerPortal = 240278261A886B5D00897D2F /* Project object */;
			proxyType = 1;
			remoteGlobalIDString = 2402782D1A886B5D00897D2F;
			remoteInfo = FIMPTest;
		};
/* End PBXContainerItemProxy section */

/* Begin PBXFileReference section */
		2402782E1A886B5D00897D2F /* FIMPTest.app */ = {isa = PBXFileReference; explicitFileType = wrapper.application; includeInIndex = 0; path = FIMPTest.app; sourceTree = BUILT_PRODUCTS_DIR; };
		240278321A886B5D00897D2F /* Info.plist */ = {isa = PBXFileReference; lastKnownFileType = text.plist.xml; path = Info.plist; sourceTree = "<group>"; };
		240278331A886B5D00897D2F /* main.m */ = {isa = PBXFileReference; lastKnownFileType = sourcecode.c.objc; path = main.m; sourceTree = "<group>"; };
		240278351A886B5D00897D2F /* AppDelegate.h */ = {isa = PBXFileReference; lastKnownFileType = sourcecode.c.h; path = AppDelegate.h; sourceTree = "<group>"; };
		240278361A886B5D00897D2F /* AppDelegate.m */ = {isa = PBXFileReference; lastKnownFileType = sourcecode.c.objc; path = AppDelegate.m; sourceTree = "<group>"; };
		240278381A886B5D00897D2F /* ViewController.h */ = {isa = PBXFileReference; lastKnownFileType = sourcecode.c.h; path = ViewController.h; sourceTree = "<group>"; };
		240278391A886B5D00897D2F /* ViewController.m */ = {isa = PBXFileReference; lastKnownFileType = sourcecode.c.objc; path = ViewController.m; sourceTree = "<group>"; };
		2402783C1A886B5D00897D2F /* Base */ = {isa = PBXFileReference; lastKnownFileType = file.storyboard; name = Base; path = Base.lproj/Main.storyboard; sourceTree = "<group>"; };
		2402783E1A886B5D00897D2F /* Images.xcassets */ = {isa = PBXFileReference; lastKnownFileType = folder.assetcatalog; path = Images.xcassets; sourceTree = "<group>"; };
		240278411A886B5D00897D2F /* Base */ = {isa = PBXFileReference; lastKnownFileType = file.xib; name = Base; path = Base.lproj/LaunchScreen.xib; sourceTree = "<group>"; };
		240278471A886B5D00897D2F /* FIMPTestTests.xctest */ = {isa = PBXFileReference; explicitFileType = wrapper.cfbundle; includeInIndex = 0; path = FIMPTestTests.xctest; sourceTree = BUILT_PRODUCTS_DIR; };
		2402784C1A886B5D00897D2F /* Info.plist */ = {isa = PBXFileReference; lastKnownFileType = text.plist.xml; path = Info.plist; sourceTree = "<group>"; };
		2402784D1A886B5D00897D2F /* FIMPTestTests.m */ = {isa = PBXFileReference; lastKnownFileType = sourcecode.c.objc; path = FIMPTestTests.m; sourceTree = "<group>"; };
		240278571A886C2500897D2F /* AppleAccount.framework */ = {isa = PBXFileReference; lastKnownFileType = wrapper.framework; name = AppleAccount.framework; path = Platforms/iPhoneOS.platform/Developer/SDKs/iPhoneOS.sdk/System/Library/PrivateFrameworks/AppleAccount.framework; sourceTree = DEVELOPER_DIR; };
/* End PBXFileReference section */

/* Begin PBXFrameworksBuildPhase section */
		2402782B1A886B5D00897D2F /* Frameworks */ = {
			isa = PBXFrameworksBuildPhase;
			buildActionMask = 2147483647;
			files = (
				240278581A886C2500897D2F /* AppleAccount.framework in Frameworks */,
			);
			runOnlyForDeploymentPostprocessing = 0;
		};
		240278441A886B5D00897D2F /* Frameworks */ = {
			isa = PBXFrameworksBuildPhase;
			buildActionMask = 2147483647;
			files = (
			);
			runOnlyForDeploymentPostprocessing = 0;
		};
/* End PBXFrameworksBuildPhase section */

/* Begin PBXGroup section */
		240278251A886B5D00897D2F = {
			isa = PBXGroup;
			children = (
				240278571A886C2500897D2F /* AppleAccount.framework */,
				240278301A886B5D00897D2F /* FIMPTest */,
				2402784A1A886B5D00897D2F /* FIMPTestTests */,
				2402782F1A886B5D00897D2F /* Products */,
			);
			sourceTree = "<group>";
		};
		2402782F1A886B5D00897D2F /* Products */ = {
			isa = PBXGroup;
			children = (
				2402782E1A886B5D00897D2F /* FIMPTest.app */,
				240278471A886B5D00897D2F /* FIMPTestTests.xctest */,
			);
			name = Products;
			sourceTree = "<group>";
		};
		240278301A886B5D00897D2F /* FIMPTest */ = {
			isa = PBXGroup;
			children = (
				240278351A886B5D00897D2F /* AppDelegate.h */,
				240278361A886B5D00897D2F /* AppDelegate.m */,
				240278381A886B5D00897D2F /* ViewController.h */,
				240278391A886B5D00897D2F /* ViewController.m */,
				2402783B1A886B5D00897D2F /* Main.storyboard */,
				2402783E1A886B5D00897D2F /* Images.xcassets */,
				240278401A886B5D00897D2F /* LaunchScreen.xib */,
				240278311A886B5D00897D2F /* Supporting Files */,
			);
			path = FIMPTest;
			sourceTree = "<group>";
		};
		240278311A886B5D00897D2F /* Supporting Files */ = {
			isa = PBXGroup;
			children = (
				240278321A886B5D00897D2F /* Info.plist */,
				240278331A886B5D00897D2F /* main.m */,
			);
			name = "Supporting Files";
			sourceTree = "<group>";
		};
		2402784A1A886B5D00897D2F /* FIMPTestTests */ = {
			isa = PBXGroup;
			children = (
				2402784D1A886B5D00897D2F /* FIMPTestTests.m */,
				2402784B1A886B5D00897D2F /* Supporting Files */,
			);
			path = FIMPTestTests;
			sourceTree = "<group>";
		};
		2402784B1A886B5D00897D2F /* Supporting Files */ = {
			isa = PBXGroup;
			children = (
				2402784C1A886B5D00897D2F /* Info.plist */,
			);
			name = "Supporting Files";
			sourceTree = "<group>";
		};
/* End PBXGroup section */

/* Begin PBXNativeTarget section */
		2402782D1A886B5D00897D2F /* FIMPTest */ = {
			isa = PBXNativeTarget;
			buildConfigurationList = 240278511A886B5D00897D2F /* Build configuration list for PBXNativeTarget "FIMPTest" */;
			buildPhases = (
				2402782A1A886B5D00897D2F /* Sources */,
				2402782B1A886B5D00897D2F /* Frameworks */,
				2402782C1A886B5D00897D2F /* Resources */,
			);
			buildRules = (
			);
			dependencies = (
			);
			name = FIMPTest;
			productName = FIMPTest;
			productReference = 2402782E1A886B5D00897D2F /* FIMPTest.app */;
			productType = "com.apple.product-type.application";
		};
		240278461A886B5D00897D2F /* FIMPTestTests */ = {
			isa = PBXNativeTarget;
			buildConfigurationList = 240278541A886B5D00897D2F /* Build configuration list for PBXNativeTarget "FIMPTestTests" */;
			buildPhases = (
				240278431A886B5D00897D2F /* Sources */,
				240278441A886B5D00897D2F /* Frameworks */,
				240278451A886B5D00897D2F /* Resources */,
			);
			buildRules = (
			);
			dependencies = (
				240278491A886B5D00897D2F /* PBXTargetDependency */,
			);
			name = FIMPTestTests;
			productName = FIMPTestTests;
			productReference = 240278471A886B5D00897D2F /* FIMPTestTests.xctest */;
			productType = "com.apple.product-type.bundle.unit-test";
		};
/* End PBXNativeTarget section */

/* Begin PBXProject section */
		240278261A886B5D00897D2F /* Project object */ = {
			isa = PBXProject;
			attributes = {
				LastUpgradeCheck = 0610;
				ORGANIZATIONNAME = Yonsm.NET;
				TargetAttributes = {
					2402782D1A886B5D00897D2F = {
						CreatedOnToolsVersion = 6.1.1;
					};
					240278461A886B5D00897D2F = {
						CreatedOnToolsVersion = 6.1.1;
						TestTargetID = 2402782D1A886B5D00897D2F;
					};
				};
			};
			buildConfigurationList = 240278291A886B5D00897D2F /* Build configuration list for PBXProject "FIMPTest" */;
			compatibilityVersion = "Xcode 3.2";
			developmentRegion = English;
			hasScannedForEncodings = 0;
			knownRegions = (
				en,
				Base,
			);
			mainGroup = 240278251A886B5D00897D2F;
			productRefGroup = 2402782F1A886B5D00897D2F /* Products */;
			projectDirPath = "";
			projectRoot = "";
			targets = (
				2402782D1A886B5D00897D2F /* FIMPTest */,
				240278461A886B5D00897D2F /* FIMPTestTests */,
			);
		};
/* End PBXProject section */

/* Begin PBXResourcesBuildPhase section */
		2402782C1A886B5D00897D2F /* Resources */ = {
			isa = PBXResourcesBuildPhase;
			buildActionMask = 2147483647;
			files = (
				2402783D1A886B5D00897D2F /* Main.storyboard in Resources */,
				240278421A886B5D00897D2F /* LaunchScreen.xib in Resources */,
				2402783F1A886B5D00897D2F /* Images.xcassets in Resources */,
			);
			runOnlyForDeploymentPostprocessing = 0;
		};
		240278451A886B5D00897D2F /* Resources */ = {
			isa = PBXResourcesBuildPhase;
			buildActionMask = 2147483647;
			files = (
			);
			runOnlyForDeploymentPostprocessing = 0;
		};
/* End PBXResourcesBuildPhase section */

/* Begin PBXSourcesBuildPhase section */
		2402782A1A886B5D00897D2F /* Sources */ = {
			isa = PBXSourcesBuildPhase;
			buildActionMask = 2147483647;
			files = (
				2402783A1A886B5D00897D2F /* ViewController.m in Sources */,
				240278371A886B5D00897D2F /* AppDelegate.m in Sources */,
				240278341A886B5D00897D2F /* main.m in Sources */,
			);
			runOnlyForDeploymentPostprocessing = 0;
		};
		240278431A886B5D00897D2F /* Sources */ = {
			isa = PBXSourcesBuildPhase;
			buildActionMask = 2147483647;
			files = (
				2402784E1A886B5D00897D2F /* FIMPTestTests.m in Sources */,
			);
			runOnlyForDeploymentPostprocessing = 0;
		};
/* End PBXSourcesBuildPhase section */

/* Begin PBXTargetDependency section */
		240278491A886B5D00897D2F /* PBXTargetDependency */ = {
			isa = PBXTargetDependency;
			target = 2402782D1A886B5D00897D2F /* FIMPTest */;
			targetProxy = 240278481A886B5D00897D2F /* PBXContainerItemProxy */;
		};
/* End PBXTargetDependency section */

/* Begin PBXVariantGroup section */
		2402783B1A886B5D00897D2F /* Main.storyboard */ = {
			isa = PBXVariantGroup;
			children = (
				2402783C1A886B5D00897D2F /* Base */,
			);
			name = Main.storyboard;
			sourceTree = "<group>";
		};
		240278401A886B5D00897D2F /* LaunchScreen.xib */ = {
			isa = PBXVariantGroup;
			children = (
				240278411A886B5D00897D2F /* Base */,
			);
			name = LaunchScreen.xib;
			sourceTree = "<group>";
		};
/* End PBXVariantGroup section */

/* Begin XCBuildConfiguration section */
		2402784F1A886B5D00897D2F /* Debug */ = {
			isa = XCBuildConfiguration;
			buildSettings = {
				ALWAYS_SEARCH_USER_PATHS = NO;
				CLANG_CXX_LANGUAGE_STANDARD = "gnu++0x";
				CLANG_CXX_LIBRARY = "libc++";
				CLANG_ENABLE_MODULES = YES;
				CLANG_ENABLE_OBJC_ARC = YES;
				CLANG_WARN_BOOL_CONVERSION = YES;
				CLANG_WARN_CONSTANT_CONVERSION = YES;
				CLANG_WARN_DIRECT_OBJC_ISA_USAGE = YES_ERROR;
				CLANG_WARN_EMPTY_BODY = YES;
				CLANG_WARN_ENUM_CONVERSION = YES;
				CLANG_WARN_INT_CONVERSION = YES;
				CLANG_WARN_OBJC_ROOT_CLASS = YES_ERROR;
				CLANG_WARN_UNREACHABLE_CODE = YES;
				CLANG_WARN__DUPLICATE_METHOD_MATCH = YES;
				"CODE_SIGN_IDENTITY[sdk=iphoneos*]" = "iPhone Developer";
				COPY_PHASE_STRIP = NO;
				ENABLE_STRICT_OBJC_MSGSEND = YES;
				GCC_C_LANGUAGE_STANDARD = gnu99;
				GCC_DYNAMIC_NO_PIC = NO;
				GCC_OPTIMIZATION_LEVEL = 0;
				GCC_PREPROCESSOR_DEFINITIONS = (
					"DEBUG=1",
					"$(inherited)",
				);
				GCC_SYMBOLS_PRIVATE_EXTERN = NO;
				GCC_WARN_64_TO_32_BIT_CONVERSION = YES;
				GCC_WARN_ABOUT_RETURN_TYPE = YES_ERROR;
				GCC_WARN_UNDECLARED_SELECTOR = YES;
				GCC_WARN_UNINITIALIZED_AUTOS = YES_AGGRESSIVE;
				GCC_WARN_UNUSED_FUNCTION = YES;
				GCC_WARN_UNUSED_VARIABLE = YES;
				IPHONEOS_DEPLOYMENT_TARGET = 8.1;
				MTL_ENABLE_DEBUG_INFO = YES;
				ONLY_ACTIVE_ARCH = YES;
				PROVISIONING_PROFILE = "f5a26c10-1e64-4e75-9ed7-a8a8af3f73ac";
				SDKROOT = iphoneos;
			};
			name = Debug;
		};
		240278501A886B5D00897D2F /* Release */ = {
			isa = XCBuildConfiguration;
			buildSettings = {
				ALWAYS_SEARCH_USER_PATHS = NO;
				CLANG_CXX_LANGUAGE_STANDARD = "gnu++0x";
				CLANG_CXX_LIBRARY = "libc++";
				CLANG_ENABLE_MODULES = YES;
				CLANG_ENABLE_OBJC_ARC = YES;
				CLANG_WARN_BOOL_CONVERSION = YES;
				CLANG_WARN_CONSTANT_CONVERSION = YES;
				CLANG_WARN_DIRECT_OBJC_ISA_USAGE = YES_ERROR;
				CLANG_WARN_EMPTY_BODY = YES;
				CLANG_WARN_ENUM_CONVERSION = YES;
				CLANG_WARN_INT_CONVERSION = YES;
				CLANG_WARN_OBJC_ROOT_CLASS = YES_ERROR;
				CLANG_WARN_UNREACHABLE_CODE = YES;
				CLANG_WARN__DUPLICATE_METHOD_MATCH = YES;
				"CODE_SIGN_IDENTITY[sdk=iphoneos*]" = "iPhone Developer";
				COPY_PHASE_STRIP = YES;
				ENABLE_NS_ASSERTIONS = NO;
				ENABLE_STRICT_OBJC_MSGSEND = YES;
				GCC_C_LANGUAGE_STANDARD = gnu99;
				GCC_WARN_64_TO_32_BIT_CONVERSION = YES;
				GCC_WARN_ABOUT_RETURN_TYPE = YES_ERROR;
				GCC_WARN_UNDECLARED_SELECTOR = YES;
				GCC_WARN_UNINITIALIZED_AUTOS = YES_AGGRESSIVE;
				GCC_WARN_UNUSED_FUNCTION = YES;
				GCC_WARN_UNUSED_VARIABLE = YES;
				IPHONEOS_DEPLOYMENT_TARGET = 8.1;
				MTL_ENABLE_DEBUG_INFO = NO;
				PROVISIONING_PROFILE = "f5a26c10-1e64-4e75-9ed7-a8a8af3f73ac";
				SDKROOT = iphoneos;
				VALIDATE_PRODUCT = YES;
			};
			name = Release;
		};
		240278521A886B5D00897D2F /* Debug */ = {
			isa = XCBuildConfiguration;
			buildSettings = {
				ASSETCATALOG_COMPILER_APPICON_NAME = AppIcon;
				FRAMEWORK_SEARCH_PATHS = (
					"$(inherited)",
					"$(DEVELOPER_DIR)/Platforms/iPhoneOS.platform/Developer/SDKs/iPhoneOS.sdk/System/Library/PrivateFrameworks",
				);
				INFOPLIST_FILE = FIMPTest/Info.plist;
				LD_RUNPATH_SEARCH_PATHS = "$(inherited) @executable_path/Frameworks";
				PRODUCT_NAME = "$(TARGET_NAME)";
			};
			name = Debug;
		};
		240278531A886B5D00897D2F /* Release */ = {
			isa = XCBuildConfiguration;
			buildSettings = {
				ASSETCATALOG_COMPILER_APPICON_NAME = AppIcon;
				FRAMEWORK_SEARCH_PATHS = (
					"$(inherited)",
					"$(DEVELOPER_DIR)/Platforms/iPhoneOS.platform/Developer/SDKs/iPhoneOS.sdk/System/Library/PrivateFrameworks",
				);
				INFOPLIST_FILE = FIMPTest/Info.plist;
				LD_RUNPATH_SEARCH_PATHS = "$(inherited) @executable_path/Frameworks";
				PRODUCT_NAME = "$(TARGET_NAME)";
			};
			name = Release;
		};
		240278551A886B5D00897D2F /* Debug */ = {
			isa = XCBuildConfiguration;
			buildSettings = {
				BUNDLE_LOADER = "$(TEST_HOST)";
				FRAMEWORK_SEARCH_PATHS = (
					"$(SDKROOT)/Developer/Library/Frameworks",
					"$(inherited)",
				);
				GCC_PREPROCESSOR_DEFINITIONS = (
					"DEBUG=1",
					"$(inherited)",
				);
				INFOPLIST_FILE = FIMPTestTests/Info.plist;
				LD_RUNPATH_SEARCH_PATHS = "$(inherited) @executable_path/Frameworks @loader_path/Frameworks";
				PRODUCT_NAME = "$(TARGET_NAME)";
				TEST_HOST = "$(BUILT_PRODUCTS_DIR)/FIMPTest.app/FIMPTest";
			};
			name = Debug;
		};
		240278561A886B5D00897D2F /* Release */ = {
			isa = XCBuildConfiguration;
			buildSettings = {
				BUNDLE_LOADER = "$(TEST_HOST)";
				FRAMEWORK_SEARCH_PATHS = (
					"$(SDKROOT)/Developer/Library/Frameworks",
					"$(inherited)",
				);
				INFOPLIST_FILE = FIMPTestTests/Info.plist;
				LD_RUNPATH_SEARCH_PATHS = "$(inherited) @executable_path/Frameworks @loader_path/Frameworks";
				PRODUCT_NAME = "$(TARGET_NAME)";
				TEST_HOST = "$(BUILT_PRODUCTS_DIR)/FIMPTest.app/FIMPTest";
			};
			name = Release;
		};
/* End XCBuildConfiguration section */

/* Begin XCConfigurationList section */
		240278291A886B5D00897D2F /* Build configuration list for PBXProject "FIMPTest" */ = {
			isa = XCConfigurationList;
			buildConfigurations = (
				2402784F1A886B5D00897D2F /* Debug */,
				240278501A886B5D00897D2F /* Release */,
			);
			defaultConfigurationIsVisible = 0;
			defaultConfigurationName = Release;
		};
		240278511A886B5D00897D2F /* Build configuration list for PBXNativeTarget "FIMPTest" */ = {
			isa = XCConfigurationList;
			buildConfigurations = (
				240278521A886B5D00897D2F /* Debug */,
				240278531A886B5D00897D2F /* Release */,
			);
			defaultConfigurationIsVisible = 0;
		};
		240278541A886B5D00897D2F /* Build configuration list for PBXNativeTarget "FIMPTestTests" */ = {
			isa = XCConfigurationList;
			buildConfigurations = (
				240278551A886B5D00897D2F /* Debug */,
				240278561A886B5D00897D2F /* Release */,
			);
			defaultConfigurationIsVisible = 0;
		};
/* End XCConfigurationList section */
	};
	rootObject = 240278261A886B5D00897D2F /* Project object */;
}
